
Microsoft Visual Studio Solution File, Format Version 12.00
Project("{FAE04EC0-301F-11D3-BF4B-00C04F79EFBC}") = "Shared.Core", "Shared.Core\Shared.Core.csproj", "{F9D26883-4131-45EC-820F-F5B38F3D722C}"
EndProject
Project("{2150E333-8FDC-42A3-9474-1A3956D46DE8}") = "Tests", "Tests", "{E37F4955-7B09-4218-9E82-5B7B25208E1D}"
EndProject
Project("{FAE04EC0-301F-11D3-BF4B-00C04F79EFBC}") = "UnitTest", "Tests\UnitTest\UnitTest.csproj", "{BF2936DB-34B5-4155-BCB9-EA2654B62ACF}"
EndProject
Global
	GlobalSection(SolutionConfigurationPlatforms) = preSolution
		Debug|Any CPU = Debug|Any CPU
		Release|Any CPU = Release|Any CPU
	EndGlobalSection
	GlobalSection(ProjectConfigurationPlatforms) = postSolution
		{F9D26883-4131-45EC-820F-F5B38F3D722C}.Debug|Any CPU.ActiveCfg = Debug|Any CPU
		{F9D26883-4131-45EC-820F-F5B38F3D722C}.Debug|Any CPU.Build.0 = Debug|Any CPU
		{F9D26883-4131-45EC-820F-F5B38F3D722C}.Release|Any CPU.ActiveCfg = Release|Any CPU
		{F9D26883-4131-45EC-820F-F5B38F3D722C}.Release|Any CPU.Build.0 = Release|Any CPU
		{BF2936DB-34B5-4155-BCB9-EA2654B62ACF}.Debug|Any CPU.ActiveCfg = Debug|Any CPU
		{BF2936DB-34B5-4155-BCB9-EA2654B62ACF}.Debug|Any CPU.Build.0 = Debug|Any CPU
		{BF2936DB-34B5-4155-BCB9-EA2654B62ACF}.Release|Any CPU.ActiveCfg = Release|Any CPU
		{BF2936DB-34B5-4155-BCB9-EA2654B62ACF}.Release|Any CPU.Build.0 = Release|Any CPU
	EndGlobalSection
	GlobalSection(NestedProjects) = preSolution
		{BF2936DB-34B5-4155-BCB9-EA2654B62ACF} = {E37F4955-7B09-4218-9E82-5B7B25208E1D}
	EndGlobalSection
EndGlobal
